<?xml version="1.0" encoding="utf-8"?>
<Project ToolsVersion="4.0" xmlns="http://schemas.microsoft.com/developer/msbuild/2003">
  <ItemGroup>
    <Filter Include="Source Files">
      <UniqueIdentifier>{4FC737F1-C7A5-4376-A066-2A32D752A2FF}</UniqueIdentifier>
      <Extensions>cpp;c;cc;cxx;def;odl;idl;hpj;bat;asm;asmx</Extensions>
    </Filter>
    <Filter Include="Header Files">
      <UniqueIdentifier>{93995380-89BD-4b04-88EB-625FBE52EBFB}</UniqueIdentifier>
      <Extensions>h;hh;hpp;hxx;hm;inl;inc;xsd</Extensions>
    </Filter>
    <Filter Include="Resource Files">
      <UniqueIdentifier>{67DA6AB6-F800-4c08-8B7A-83BB121AAD01}</UniqueIdentifier>
      <Extensions>rc;ico;cur;bmp;dlg;rc2;rct;bin;rgs;gif;jpg;jpeg;jpe;resx;tiff;tif;png;wav;mfcribbon-ms</Extensions>
    </Filter>
  </ItemGroup>
  <ItemGroup>
    <ClCompile Include="stdlib_extras.c">
      <Filter>Source Files</Filter>
    </ClCompile>
    <ClCompile Include="sys\resource.c">
      <Filter>Source Files</Filter>
    </ClCompile>
    <ClCompile Include="sys\utsname.c">
      <Filter>Source Files</Filter>
    </ClCompile>
    <ClCompile Include="sys\time.c">
      <Filter>Source Files</Filter>
    </ClCompile>
    <ClCompile Include="snprintf.c">
      <Filter>Source Files</Filter>
    </ClCompile>
    <ClCompile Include="hstrerror.c">
      <Filter>Source Files</Filter>
    </ClCompile>
    <ClCompile Include="sys\socket.c">
      <Filter>Source Files</Filter>
    </ClCompile>
  </ItemGroup>
  <ItemGroup>
    <ClInclude Include="sys\resource.h">
      <Filter>Header Files</Filter>
    </ClInclude>
    <ClInclude Include="sys\select.h">
      <Filter>Header Files</Filter>
    </ClInclude>
    <ClInclude Include="sys\socket.h">
      <Filter>Header Files</Filter>
    </ClInclude>
    <ClInclude Include="sys\time.h">
      <Filter>Header Files</Filter>
    </ClInclude>
    <ClInclude Include="sys\utsname.h">
      <Filter>Header Files</Filter>
    </ClInclude>
    <ClInclude Include="arpa\inet.h">
      <Filter>Header Files</Filter>
    </ClInclude>
    <ClInclude Include="netinet\in.h">
      <Filter>Header Files</Filter>
    </ClInclude>
    <ClInclude Include="netinet\tcp.h">
      <Filter>Header Files</Filter>
    </ClInclude>
    <ClInclude Include="netdb.h">
      <Filter>Header Files</Filter>
    </ClInclude>
    <ClInclude Include="stdlib_extras.h">
      <Filter>Header Files</Filter>
    </ClInclude>
    <ClInclude Include="unistd.h">
      <Filter>Header Files</Filter>
    </ClInclude>
    <ClInclude Include="sys\mman.h">
      <Filter>Header Files</Filter>
    </ClInclude>
  </ItemGroup>
</Project>